
Microsoft Visual Studio Solution File, Format Version 12.00
# Visual Studio Version 16
VisualStudioVersion = 16.0.31112.23
MinimumVisualStudioVersion = 10.0.40219.1
Project("{FAE04EC0-301F-11D3-BF4B-00C04F79EFBC}") = "webapp", "webapp.csproj", "{E91C787A-7854-43DE-9F64-34FB0F8797E6}"
EndProject
Project("{FAE04EC0-301F-11D3-BF4B-00C04F79EFBC}") = "ConnectionDatabase", "ConnectionDatabase\ConnectionDatabase.csproj", "{181FCF3B-6566-4784-B41D-9218F76809D6}"
EndProject
Global
	GlobalSection(SolutionConfigurationPlatforms) = preSolution
		Debug|Any CPU = Debug|Any CPU
		Release|Any CPU = Release|Any CPU
	EndGlobalSection
	GlobalSection(ProjectConfigurationPlatforms) = postSolution
		{E91C787A-7854-43DE-9F64-34FB0F8797E6}.Debug|Any CPU.ActiveCfg = Debug|Any CPU
		{E91C787A-7854-43DE-9F64-34FB0F8797E6}.Debug|Any CPU.Build.0 = Debug|Any CPU
		{E91C787A-7854-43DE-9F64-34FB0F8797E6}.Release|Any CPU.ActiveCfg = Release|Any CPU
		{E91C787A-7854-43DE-9F64-34FB0F8797E6}.Release|Any CPU.Build.0 = Release|Any CPU
		{181FCF3B-6566-4784-B41D-9218F76809D6}.Debug|Any CPU.ActiveCfg = Debug|Any CPU
		{181FCF3B-6566-4784-B41D-9218F76809D6}.Debug|Any CPU.Build.0 = Debug|Any CPU
		{181FCF3B-6566-4784-B41D-9218F76809D6}.Release|Any CPU.ActiveCfg = Release|Any CPU
		{181FCF3B-6566-4784-B41D-9218F76809D6}.Release|Any CPU.Build.0 = Release|Any CPU
	EndGlobalSection
	GlobalSection(SolutionProperties) = preSolution
		HideSolutionNode = FALSE
	EndGlobalSection
	GlobalSection(ExtensibilityGlobals) = postSolution
		SolutionGuid = {405ED64F-7304-40C1-AB53-53F711E60CF6}
	EndGlobalSection
EndGlobal
